
Microsoft Visual Studio Solution File, Format Version 12.00
# Visual Studio 14
VisualStudioVersion = 14.0.25123.0
MinimumVisualStudioVersion = 10.0.40219.1
Project("{FAE04EC0-301F-11D3-BF4B-00C04F79EFBC}") = "FlowMeassureMonitor", "FlowMeassureMonitor\FlowMeassureMonitor.csproj", "{7B8CBF0B-41BF-4069-B63C-82AD8114E14E}"
EndProject
Project("{FAE04EC0-301F-11D3-BF4B-00C04F79EFBC}") = "EventWriterTester", "EventWriterTester\EventWriterTester.csproj", "{89E69FE3-05A9-47CE-9586-53F0E9387E2B}"
EndProject
Project("{FAE04EC0-301F-11D3-BF4B-00C04F79EFBC}") = "NotificationsGathererConsole", "NotificationsGathererConsole\NotificationsGathererConsole.csproj", "{40A3D0D0-5130-4D7A-88CB-8FC14B643A45}"
EndProject
Project("{FAE04EC0-301F-11D3-BF4B-00C04F79EFBC}") = "DeviceSimulator", "DeviceSimulator\DeviceSimulator.csproj", "{8794B647-7B84-45EA-9C73-545B0547C752}"
EndProject
Project("{FAE04EC0-301F-11D3-BF4B-00C04F79EFBC}") = "CityRadarWebApi", "CityRadarWebApi\CityRadarWebApi.csproj", "{E8B9F280-FF30-4A66-9BDD-11339E8D3A4A}"
EndProject
Project("{FAE04EC0-301F-11D3-BF4B-00C04F79EFBC}") = "FlowMonitorApp", "FlowMonitorApp\FlowMonitorApp.csproj", "{067ABA35-2DAD-4B95-AC96-D573428F9A50}"
EndProject
Project("{2150E333-8FDC-42A3-9474-1A3956D46DE8}") = "IoT", "IoT", "{141EE665-3BA3-4977-B728-DDB14AF21870}"
EndProject
Project("{2150E333-8FDC-42A3-9474-1A3956D46DE8}") = "Cloud", "Cloud", "{2FC675B0-3296-41DB-915E-B7FFBFEBA0FA}"
EndProject
Project("{2150E333-8FDC-42A3-9474-1A3956D46DE8}") = "Desktop", "Desktop", "{EF442D53-07B2-4F74-A0A0-C70AB34E3E2B}"
EndProject
Project("{2150E333-8FDC-42A3-9474-1A3956D46DE8}") = "Docs", "Docs", "{F1CE0A41-BABB-4FEC-9260-3D5FB4173F18}"
	ProjectSection(SolutionItems) = preProject
		docs\archlite.pptx = docs\archlite.pptx
		docs\winners.jpg = docs\winners.jpg
	EndProjectSection
EndProject
Global
	GlobalSection(SolutionConfigurationPlatforms) = preSolution
		Debug|Any CPU = Debug|Any CPU
		Debug|ARM = Debug|ARM
		Debug|x64 = Debug|x64
		Debug|x86 = Debug|x86
		Release|Any CPU = Release|Any CPU
		Release|ARM = Release|ARM
		Release|x64 = Release|x64
		Release|x86 = Release|x86
	EndGlobalSection
	GlobalSection(ProjectConfigurationPlatforms) = postSolution
		{7B8CBF0B-41BF-4069-B63C-82AD8114E14E}.Debug|Any CPU.ActiveCfg = Debug|x86
		{7B8CBF0B-41BF-4069-B63C-82AD8114E14E}.Debug|ARM.ActiveCfg = Debug|ARM
		{7B8CBF0B-41BF-4069-B63C-82AD8114E14E}.Debug|ARM.Build.0 = Debug|ARM
		{7B8CBF0B-41BF-4069-B63C-82AD8114E14E}.Debug|ARM.Deploy.0 = Debug|ARM
		{7B8CBF0B-41BF-4069-B63C-82AD8114E14E}.Debug|x64.ActiveCfg = Debug|x64
		{7B8CBF0B-41BF-4069-B63C-82AD8114E14E}.Debug|x64.Build.0 = Debug|x64
		{7B8CBF0B-41BF-4069-B63C-82AD8114E14E}.Debug|x64.Deploy.0 = Debug|x64
		{7B8CBF0B-41BF-4069-B63C-82AD8114E14E}.Debug|x86.ActiveCfg = Debug|x86
		{7B8CBF0B-41BF-4069-B63C-82AD8114E14E}.Debug|x86.Build.0 = Debug|x86
		{7B8CBF0B-41BF-4069-B63C-82AD8114E14E}.Debug|x86.Deploy.0 = Debug|x86
		{7B8CBF0B-41BF-4069-B63C-82AD8114E14E}.Release|Any CPU.ActiveCfg = Release|x86
		{7B8CBF0B-41BF-4069-B63C-82AD8114E14E}.Release|ARM.ActiveCfg = Release|ARM
		{7B8CBF0B-41BF-4069-B63C-82AD8114E14E}.Release|ARM.Build.0 = Release|ARM
		{7B8CBF0B-41BF-4069-B63C-82AD8114E14E}.Release|ARM.Deploy.0 = Release|ARM
		{7B8CBF0B-41BF-4069-B63C-82AD8114E14E}.Release|x64.ActiveCfg = Release|x64
		{7B8CBF0B-41BF-4069-B63C-82AD8114E14E}.Release|x64.Build.0 = Release|x64
		{7B8CBF0B-41BF-4069-B63C-82AD8114E14E}.Release|x64.Deploy.0 = Release|x64
		{7B8CBF0B-41BF-4069-B63C-82AD8114E14E}.Release|x86.ActiveCfg = Release|x86
		{7B8CBF0B-41BF-4069-B63C-82AD8114E14E}.Release|x86.Build.0 = Release|x86
		{7B8CBF0B-41BF-4069-B63C-82AD8114E14E}.Release|x86.Deploy.0 = Release|x86
		{89E69FE3-05A9-47CE-9586-53F0E9387E2B}.Debug|Any CPU.ActiveCfg = Debug|Any CPU
		{89E69FE3-05A9-47CE-9586-53F0E9387E2B}.Debug|Any CPU.Build.0 = Debug|Any CPU
		{89E69FE3-05A9-47CE-9586-53F0E9387E2B}.Debug|ARM.ActiveCfg = Debug|Any CPU
		{89E69FE3-05A9-47CE-9586-53F0E9387E2B}.Debug|ARM.Build.0 = Debug|Any CPU
		{89E69FE3-05A9-47CE-9586-53F0E9387E2B}.Debug|x64.ActiveCfg = Debug|Any CPU
		{89E69FE3-05A9-47CE-9586-53F0E9387E2B}.Debug|x64.Build.0 = Debug|Any CPU
		{89E69FE3-05A9-47CE-9586-53F0E9387E2B}.Debug|x86.ActiveCfg = Debug|Any CPU
		{89E69FE3-05A9-47CE-9586-53F0E9387E2B}.Debug|x86.Build.0 = Debug|Any CPU
		{89E69FE3-05A9-47CE-9586-53F0E9387E2B}.Release|Any CPU.ActiveCfg = Release|Any CPU
		{89E69FE3-05A9-47CE-9586-53F0E9387E2B}.Release|Any CPU.Build.0 = Release|Any CPU
		{89E69FE3-05A9-47CE-9586-53F0E9387E2B}.Release|ARM.ActiveCfg = Release|Any CPU
		{89E69FE3-05A9-47CE-9586-53F0E9387E2B}.Release|ARM.Build.0 = Release|Any CPU
		{89E69FE3-05A9-47CE-9586-53F0E9387E2B}.Release|x64.ActiveCfg = Release|Any CPU
		{89E69FE3-05A9-47CE-9586-53F0E9387E2B}.Release|x64.Build.0 = Release|Any CPU
		{89E69FE3-05A9-47CE-9586-53F0E9387E2B}.Release|x86.ActiveCfg = Release|Any CPU
		{89E69FE3-05A9-47CE-9586-53F0E9387E2B}.Release|x86.Build.0 = Release|Any CPU
		{40A3D0D0-5130-4D7A-88CB-8FC14B643A45}.Debug|Any CPU.ActiveCfg = Debug|Any CPU
		{40A3D0D0-5130-4D7A-88CB-8FC14B643A45}.Debug|Any CPU.Build.0 = Debug|Any CPU
		{40A3D0D0-5130-4D7A-88CB-8FC14B643A45}.Debug|ARM.ActiveCfg = Debug|Any CPU
		{40A3D0D0-5130-4D7A-88CB-8FC14B643A45}.Debug|ARM.Build.0 = Debug|Any CPU
		{40A3D0D0-5130-4D7A-88CB-8FC14B643A45}.Debug|x64.ActiveCfg = Debug|Any CPU
		{40A3D0D0-5130-4D7A-88CB-8FC14B643A45}.Debug|x64.Build.0 = Debug|Any CPU
		{40A3D0D0-5130-4D7A-88CB-8FC14B643A45}.Debug|x86.ActiveCfg = Debug|Any CPU
		{40A3D0D0-5130-4D7A-88CB-8FC14B643A45}.Debug|x86.Build.0 = Debug|Any CPU
		{40A3D0D0-5130-4D7A-88CB-8FC14B643A45}.Release|Any CPU.ActiveCfg = Release|Any CPU
		{40A3D0D0-5130-4D7A-88CB-8FC14B643A45}.Release|Any CPU.Build.0 = Release|Any CPU
		{40A3D0D0-5130-4D7A-88CB-8FC14B643A45}.Release|ARM.ActiveCfg = Release|Any CPU
		{40A3D0D0-5130-4D7A-88CB-8FC14B643A45}.Release|ARM.Build.0 = Release|Any CPU
		{40A3D0D0-5130-4D7A-88CB-8FC14B643A45}.Release|x64.ActiveCfg = Release|Any CPU
		{40A3D0D0-5130-4D7A-88CB-8FC14B643A45}.Release|x64.Build.0 = Release|Any CPU
		{40A3D0D0-5130-4D7A-88CB-8FC14B643A45}.Release|x86.ActiveCfg = Release|Any CPU
		{40A3D0D0-5130-4D7A-88CB-8FC14B643A45}.Release|x86.Build.0 = Release|Any CPU
		{8794B647-7B84-45EA-9C73-545B0547C752}.Debug|Any CPU.ActiveCfg = Debug|Any CPU
		{8794B647-7B84-45EA-9C73-545B0547C752}.Debug|Any CPU.Build.0 = Debug|Any CPU
		{8794B647-7B84-45EA-9C73-545B0547C752}.Debug|ARM.ActiveCfg = Debug|Any CPU
		{8794B647-7B84-45EA-9C73-545B0547C752}.Debug|ARM.Build.0 = Debug|Any CPU
		{8794B647-7B84-45EA-9C73-545B0547C752}.Debug|x64.ActiveCfg = Debug|Any CPU
		{8794B647-7B84-45EA-9C73-545B0547C752}.Debug|x64.Build.0 = Debug|Any CPU
		{8794B647-7B84-45EA-9C73-545B0547C752}.Debug|x86.ActiveCfg = Debug|Any CPU
		{8794B647-7B84-45EA-9C73-545B0547C752}.Debug|x86.Build.0 = Debug|Any CPU
		{8794B647-7B84-45EA-9C73-545B0547C752}.Release|Any CPU.ActiveCfg = Release|Any CPU
		{8794B647-7B84-45EA-9C73-545B0547C752}.Release|Any CPU.Build.0 = Release|Any CPU
		{8794B647-7B84-45EA-9C73-545B0547C752}.Release|ARM.ActiveCfg = Release|Any CPU
		{8794B647-7B84-45EA-9C73-545B0547C752}.Release|ARM.Build.0 = Release|Any CPU
		{8794B647-7B84-45EA-9C73-545B0547C752}.Release|x64.ActiveCfg = Release|Any CPU
		{8794B647-7B84-45EA-9C73-545B0547C752}.Release|x64.Build.0 = Release|Any CPU
		{8794B647-7B84-45EA-9C73-545B0547C752}.Release|x86.ActiveCfg = Release|Any CPU
		{8794B647-7B84-45EA-9C73-545B0547C752}.Release|x86.Build.0 = Release|Any CPU
		{E8B9F280-FF30-4A66-9BDD-11339E8D3A4A}.Debug|Any CPU.ActiveCfg = Debug|Any CPU
		{E8B9F280-FF30-4A66-9BDD-11339E8D3A4A}.Debug|Any CPU.Build.0 = Debug|Any CPU
		{E8B9F280-FF30-4A66-9BDD-11339E8D3A4A}.Debug|ARM.ActiveCfg = Debug|Any CPU
		{E8B9F280-FF30-4A66-9BDD-11339E8D3A4A}.Debug|ARM.Build.0 = Debug|Any CPU
		{E8B9F280-FF30-4A66-9BDD-11339E8D3A4A}.Debug|x64.ActiveCfg = Debug|Any CPU
		{E8B9F280-FF30-4A66-9BDD-11339E8D3A4A}.Debug|x64.Build.0 = Debug|Any CPU
		{E8B9F280-FF30-4A66-9BDD-11339E8D3A4A}.Debug|x86.ActiveCfg = Debug|Any CPU
		{E8B9F280-FF30-4A66-9BDD-11339E8D3A4A}.Debug|x86.Build.0 = Debug|Any CPU
		{E8B9F280-FF30-4A66-9BDD-11339E8D3A4A}.Release|Any CPU.ActiveCfg = Release|Any CPU
		{E8B9F280-FF30-4A66-9BDD-11339E8D3A4A}.Release|Any CPU.Build.0 = Release|Any CPU
		{E8B9F280-FF30-4A66-9BDD-11339E8D3A4A}.Release|ARM.ActiveCfg = Release|Any CPU
		{E8B9F280-FF30-4A66-9BDD-11339E8D3A4A}.Release|ARM.Build.0 = Release|Any CPU
		{E8B9F280-FF30-4A66-9BDD-11339E8D3A4A}.Release|x64.ActiveCfg = Release|Any CPU
		{E8B9F280-FF30-4A66-9BDD-11339E8D3A4A}.Release|x64.Build.0 = Release|Any CPU
		{E8B9F280-FF30-4A66-9BDD-11339E8D3A4A}.Release|x86.ActiveCfg = Release|Any CPU
		{E8B9F280-FF30-4A66-9BDD-11339E8D3A4A}.Release|x86.Build.0 = Release|Any CPU
		{067ABA35-2DAD-4B95-AC96-D573428F9A50}.Debug|Any CPU.ActiveCfg = Debug|x86
		{067ABA35-2DAD-4B95-AC96-D573428F9A50}.Debug|ARM.ActiveCfg = Debug|ARM
		{067ABA35-2DAD-4B95-AC96-D573428F9A50}.Debug|ARM.Build.0 = Debug|ARM
		{067ABA35-2DAD-4B95-AC96-D573428F9A50}.Debug|ARM.Deploy.0 = Debug|ARM
		{067ABA35-2DAD-4B95-AC96-D573428F9A50}.Debug|x64.ActiveCfg = Debug|x64
		{067ABA35-2DAD-4B95-AC96-D573428F9A50}.Debug|x64.Build.0 = Debug|x64
		{067ABA35-2DAD-4B95-AC96-D573428F9A50}.Debug|x64.Deploy.0 = Debug|x64
		{067ABA35-2DAD-4B95-AC96-D573428F9A50}.Debug|x86.ActiveCfg = Debug|x86
		{067ABA35-2DAD-4B95-AC96-D573428F9A50}.Debug|x86.Build.0 = Debug|x86
		{067ABA35-2DAD-4B95-AC96-D573428F9A50}.Debug|x86.Deploy.0 = Debug|x86
		{067ABA35-2DAD-4B95-AC96-D573428F9A50}.Release|Any CPU.ActiveCfg = Release|x86
		{067ABA35-2DAD-4B95-AC96-D573428F9A50}.Release|ARM.ActiveCfg = Release|ARM
		{067ABA35-2DAD-4B95-AC96-D573428F9A50}.Release|ARM.Build.0 = Release|ARM
		{067ABA35-2DAD-4B95-AC96-D573428F9A50}.Release|ARM.Deploy.0 = Release|ARM
		{067ABA35-2DAD-4B95-AC96-D573428F9A50}.Release|x64.ActiveCfg = Release|x64
		{067ABA35-2DAD-4B95-AC96-D573428F9A50}.Release|x64.Build.0 = Release|x64
		{067ABA35-2DAD-4B95-AC96-D573428F9A50}.Release|x64.Deploy.0 = Release|x64
		{067ABA35-2DAD-4B95-AC96-D573428F9A50}.Release|x86.ActiveCfg = Release|x86
		{067ABA35-2DAD-4B95-AC96-D573428F9A50}.Release|x86.Build.0 = Release|x86
		{067ABA35-2DAD-4B95-AC96-D573428F9A50}.Release|x86.Deploy.0 = Release|x86
	EndGlobalSection
	GlobalSection(SolutionProperties) = preSolution
		HideSolutionNode = FALSE
	EndGlobalSection
	GlobalSection(NestedProjects) = preSolution
		{7B8CBF0B-41BF-4069-B63C-82AD8114E14E} = {141EE665-3BA3-4977-B728-DDB14AF21870}
		{89E69FE3-05A9-47CE-9586-53F0E9387E2B} = {141EE665-3BA3-4977-B728-DDB14AF21870}
		{40A3D0D0-5130-4D7A-88CB-8FC14B643A45} = {141EE665-3BA3-4977-B728-DDB14AF21870}
		{8794B647-7B84-45EA-9C73-545B0547C752} = {141EE665-3BA3-4977-B728-DDB14AF21870}
		{E8B9F280-FF30-4A66-9BDD-11339E8D3A4A} = {2FC675B0-3296-41DB-915E-B7FFBFEBA0FA}
		{067ABA35-2DAD-4B95-AC96-D573428F9A50} = {EF442D53-07B2-4F74-A0A0-C70AB34E3E2B}
	EndGlobalSection
	GlobalSection(ExtensibilityGlobals) = postSolution
		EnterpriseLibraryConfigurationToolBinariesPathV6 = packages\EnterpriseLibrary.TransientFaultHandling.6.0.1304.0\lib\portable-net45+win+wp8
	EndGlobalSection
EndGlobal
